
Microsoft Visual Studio Solution File, Format Version 12.00
# Visual Studio Version 17
VisualStudioVersion = 17.3.32825.248
MinimumVisualStudioVersion = 10.0.40219.1
Project("{2150E333-8FDC-42A3-9474-1A3956D46DE8}") = "src", "src", "{F1D30B19-72BB-475B-9543-BDC803F2D1EA}"
EndProject
Project("{2150E333-8FDC-42A3-9474-1A3956D46DE8}") = "Solution Items", "Solution Items", "{CA0770B8-1314-400E-B9CD-8EC488A8A2E3}"
	ProjectSection(SolutionItems) = preProject
		ServiceUrls.txt = ServiceUrls.txt
	EndProjectSection
EndProject
Project("{2150E333-8FDC-42A3-9474-1A3956D46DE8}") = "ApiGateways", "ApiGateways", "{10E08175-4073-443E-AEAF-448B9AA6DC4A}"
EndProject
Project("{2150E333-8FDC-42A3-9474-1A3956D46DE8}") = "WebApiGateway", "WebApiGateway", "{17A14837-F352-43A4-8B53-F02EAB43CB88}"
EndProject
Project("{9A19103F-16F7-4668-BE54-9A1E7A4F7556}") = "Web.ApiGateway", "src\ApiGateways\WebApiGateway\Web.ApiGateway\Web.ApiGateway.csproj", "{56ADDB36-E61C-4455-9239-47403C20804B}"
EndProject
Project("{2150E333-8FDC-42A3-9474-1A3956D46DE8}") = "BuildingBlocks", "BuildingBlocks", "{44227785-50B5-4117-AA25-6A421FD1E6C6}"
EndProject
Project("{2150E333-8FDC-42A3-9474-1A3956D46DE8}") = "EventBus", "EventBus", "{77420F37-7EE4-42DC-A3E3-316F29F53661}"
EndProject
Project("{9A19103F-16F7-4668-BE54-9A1E7A4F7556}") = "EventBus.Base", "src\BuildingBlocks\EventBus\EventBus.Base\EventBus.Base.csproj", "{AB7C46CB-4A6C-4D7D-BA25-5F96ADEA1361}"
EndProject
Project("{9A19103F-16F7-4668-BE54-9A1E7A4F7556}") = "EventBus.Factory", "src\BuildingBlocks\EventBus\EventBus.Factory\EventBus.Factory.csproj", "{EE482BE7-1125-4091-B266-76C5A0531ABE}"
EndProject
Project("{9A19103F-16F7-4668-BE54-9A1E7A4F7556}") = "EventBus.AzureServiceBus", "src\BuildingBlocks\EventBus\EventBus.AzureServiceBus\EventBus.AzureServiceBus.csproj", "{EBC0BEA5-0465-4A4F-AF23-55C579ABEFDA}"
EndProject
Project("{9A19103F-16F7-4668-BE54-9A1E7A4F7556}") = "EventBus.RabbitMQ", "src\BuildingBlocks\EventBus\EventBus.RabbitMQ\EventBus.RabbitMQ.csproj", "{2ADE175F-915F-4531-AB3D-6686D560E02F}"
EndProject
Project("{2150E333-8FDC-42A3-9474-1A3956D46DE8}") = "Clients", "Clients", "{35821AB8-418A-4542-AA19-649B3E8561BA}"
EndProject
Project("{2150E333-8FDC-42A3-9474-1A3956D46DE8}") = "BlazorWebApp", "BlazorWebApp", "{F191E851-A1F2-4307-8B7D-2FBBC37EDC2C}"
EndProject
Project("{2150E333-8FDC-42A3-9474-1A3956D46DE8}") = "Services", "Services", "{5FE3EC52-B779-4589-BCCE-9C4C5C3C7DEE}"
EndProject
Project("{2150E333-8FDC-42A3-9474-1A3956D46DE8}") = "BasketService", "BasketService", "{357E83A8-542B-4E95-89A0-3C4278135FAE}"
EndProject
Project("{9A19103F-16F7-4668-BE54-9A1E7A4F7556}") = "BasketService.Api", "src\Services\BasketService\BasketService.Api\BasketService.Api.csproj", "{4B3D5E50-FDAE-4465-AB91-4220C81C068B}"
EndProject
Project("{9A19103F-16F7-4668-BE54-9A1E7A4F7556}") = "WebApp", "src\Clients\BlazorWebApp\WebApp\WebApp.csproj", "{83FA52AD-CFCC-40D3-B617-42E18CAE9DFC}"
EndProject
Project("{2150E333-8FDC-42A3-9474-1A3956D46DE8}") = "CatalogService", "CatalogService", "{088B50C9-A439-44C6-99F0-CCCD87BEC66F}"
EndProject
Project("{9A19103F-16F7-4668-BE54-9A1E7A4F7556}") = "CatalogService.Api", "src\Services\CatalogService\CatalogService.Api\CatalogService.Api.csproj", "{8EE61991-F106-4C70-BA49-6BF09C5430C8}"
EndProject
Project("{2150E333-8FDC-42A3-9474-1A3956D46DE8}") = "IdentityService", "IdentityService", "{A020D872-C95B-45F1-8B50-A396CC422E31}"
EndProject
Project("{9A19103F-16F7-4668-BE54-9A1E7A4F7556}") = "IdentityService.Api", "src\Services\IdentityService\IdentityService.Api\IdentityService.Api.csproj", "{8E3675F5-321F-4EF0-8236-262183169B8E}"
EndProject
Project("{2150E333-8FDC-42A3-9474-1A3956D46DE8}") = "NotificationService", "NotificationService", "{05CACBB1-AA07-44A6-8716-979D7B12A8B3}"
EndProject
Project("{9A19103F-16F7-4668-BE54-9A1E7A4F7556}") = "NotificationService", "src\Services\NotificationService\NotificationService\NotificationService.csproj", "{9CC079EE-6C22-4C73-96AF-123F30859BE2}"
EndProject
Project("{2150E333-8FDC-42A3-9474-1A3956D46DE8}") = "OrderService", "OrderService", "{E4150539-5958-4147-977E-1E3A8B8A1402}"
EndProject
Project("{9A19103F-16F7-4668-BE54-9A1E7A4F7556}") = "OrderService.Application", "src\Services\OrderService\OrderService.Application\OrderService.Application.csproj", "{61662A57-0582-4456-B83C-585DA25C2F67}"
EndProject
Project("{9A19103F-16F7-4668-BE54-9A1E7A4F7556}") = "OrderService.Domain", "src\Services\OrderService\OrderService.Domain\OrderService.Domain.csproj", "{91D571E9-CC50-40DE-B4A2-0DD39132D2B8}"
EndProject
Project("{9A19103F-16F7-4668-BE54-9A1E7A4F7556}") = "OrderService.Infrastructure", "src\Services\OrderService\OrderService.Infrastructure\OrderService.Infrastructure.csproj", "{34C1E73B-F0B8-4DB3-AB88-4BD2CEFCFB23}"
EndProject
Project("{9A19103F-16F7-4668-BE54-9A1E7A4F7556}") = "OrderService.Api", "src\Services\OrderService\OrderService.Api\OrderService.Api.csproj", "{B04E036C-D18B-41DB-88B2-6911672F795A}"
EndProject
Project("{2150E333-8FDC-42A3-9474-1A3956D46DE8}") = "PaymentService", "PaymentService", "{EF2A4788-48AC-4B7A-B10E-95F7D48EA951}"
EndProject
Project("{9A19103F-16F7-4668-BE54-9A1E7A4F7556}") = "PaymentService.Api", "src\Services\PaymentService\PaymentService.Api\PaymentService.Api.csproj", "{72448144-2890-40ED-8B6A-80DE6A84180F}"
EndProject
Global
	GlobalSection(SolutionConfigurationPlatforms) = preSolution
		Debug|Any CPU = Debug|Any CPU
		Release|Any CPU = Release|Any CPU
	EndGlobalSection
	GlobalSection(ProjectConfigurationPlatforms) = postSolution
		{56ADDB36-E61C-4455-9239-47403C20804B}.Debug|Any CPU.ActiveCfg = Debug|Any CPU
		{56ADDB36-E61C-4455-9239-47403C20804B}.Debug|Any CPU.Build.0 = Debug|Any CPU
		{56ADDB36-E61C-4455-9239-47403C20804B}.Release|Any CPU.ActiveCfg = Release|Any CPU
		{56ADDB36-E61C-4455-9239-47403C20804B}.Release|Any CPU.Build.0 = Release|Any CPU
		{AB7C46CB-4A6C-4D7D-BA25-5F96ADEA1361}.Debug|Any CPU.ActiveCfg = Debug|Any CPU
		{AB7C46CB-4A6C-4D7D-BA25-5F96ADEA1361}.Debug|Any CPU.Build.0 = Debug|Any CPU
		{AB7C46CB-4A6C-4D7D-BA25-5F96ADEA1361}.Release|Any CPU.ActiveCfg = Release|Any CPU
		{AB7C46CB-4A6C-4D7D-BA25-5F96ADEA1361}.Release|Any CPU.Build.0 = Release|Any CPU
		{EE482BE7-1125-4091-B266-76C5A0531ABE}.Debug|Any CPU.ActiveCfg = Debug|Any CPU
		{EE482BE7-1125-4091-B266-76C5A0531ABE}.Debug|Any CPU.Build.0 = Debug|Any CPU
		{EE482BE7-1125-4091-B266-76C5A0531ABE}.Release|Any CPU.ActiveCfg = Release|Any CPU
		{EE482BE7-1125-4091-B266-76C5A0531ABE}.Release|Any CPU.Build.0 = Release|Any CPU
		{EBC0BEA5-0465-4A4F-AF23-55C579ABEFDA}.Debug|Any CPU.ActiveCfg = Debug|Any CPU
		{EBC0BEA5-0465-4A4F-AF23-55C579ABEFDA}.Debug|Any CPU.Build.0 = Debug|Any CPU
		{EBC0BEA5-0465-4A4F-AF23-55C579ABEFDA}.Release|Any CPU.ActiveCfg = Release|Any CPU
		{EBC0BEA5-0465-4A4F-AF23-55C579ABEFDA}.Release|Any CPU.Build.0 = Release|Any CPU
		{2ADE175F-915F-4531-AB3D-6686D560E02F}.Debug|Any CPU.ActiveCfg = Debug|Any CPU
		{2ADE175F-915F-4531-AB3D-6686D560E02F}.Debug|Any CPU.Build.0 = Debug|Any CPU
		{2ADE175F-915F-4531-AB3D-6686D560E02F}.Release|Any CPU.ActiveCfg = Release|Any CPU
		{2ADE175F-915F-4531-AB3D-6686D560E02F}.Release|Any CPU.Build.0 = Release|Any CPU
		{4B3D5E50-FDAE-4465-AB91-4220C81C068B}.Debug|Any CPU.ActiveCfg = Debug|Any CPU
		{4B3D5E50-FDAE-4465-AB91-4220C81C068B}.Debug|Any CPU.Build.0 = Debug|Any CPU
		{4B3D5E50-FDAE-4465-AB91-4220C81C068B}.Release|Any CPU.ActiveCfg = Release|Any CPU
		{4B3D5E50-FDAE-4465-AB91-4220C81C068B}.Release|Any CPU.Build.0 = Release|Any CPU
		{83FA52AD-CFCC-40D3-B617-42E18CAE9DFC}.Debug|Any CPU.ActiveCfg = Debug|Any CPU
		{83FA52AD-CFCC-40D3-B617-42E18CAE9DFC}.Debug|Any CPU.Build.0 = Debug|Any CPU
		{83FA52AD-CFCC-40D3-B617-42E18CAE9DFC}.Release|Any CPU.ActiveCfg = Release|Any CPU
		{83FA52AD-CFCC-40D3-B617-42E18CAE9DFC}.Release|Any CPU.Build.0 = Release|Any CPU
		{8EE61991-F106-4C70-BA49-6BF09C5430C8}.Debug|Any CPU.ActiveCfg = Debug|Any CPU
		{8EE61991-F106-4C70-BA49-6BF09C5430C8}.Debug|Any CPU.Build.0 = Debug|Any CPU
		{8EE61991-F106-4C70-BA49-6BF09C5430C8}.Release|Any CPU.ActiveCfg = Release|Any CPU
		{8EE61991-F106-4C70-BA49-6BF09C5430C8}.Release|Any CPU.Build.0 = Release|Any CPU
		{8E3675F5-321F-4EF0-8236-262183169B8E}.Debug|Any CPU.ActiveCfg = Debug|Any CPU
		{8E3675F5-321F-4EF0-8236-262183169B8E}.Debug|Any CPU.Build.0 = Debug|Any CPU
		{8E3675F5-321F-4EF0-8236-262183169B8E}.Release|Any CPU.ActiveCfg = Release|Any CPU
		{8E3675F5-321F-4EF0-8236-262183169B8E}.Release|Any CPU.Build.0 = Release|Any CPU
		{9CC079EE-6C22-4C73-96AF-123F30859BE2}.Debug|Any CPU.ActiveCfg = Debug|Any CPU
		{9CC079EE-6C22-4C73-96AF-123F30859BE2}.Debug|Any CPU.Build.0 = Debug|Any CPU
		{9CC079EE-6C22-4C73-96AF-123F30859BE2}.Release|Any CPU.ActiveCfg = Release|Any CPU
		{9CC079EE-6C22-4C73-96AF-123F30859BE2}.Release|Any CPU.Build.0 = Release|Any CPU
		{61662A57-0582-4456-B83C-585DA25C2F67}.Debug|Any CPU.ActiveCfg = Debug|Any CPU
		{61662A57-0582-4456-B83C-585DA25C2F67}.Debug|Any CPU.Build.0 = Debug|Any CPU
		{61662A57-0582-4456-B83C-585DA25C2F67}.Release|Any CPU.ActiveCfg = Release|Any CPU
		{61662A57-0582-4456-B83C-585DA25C2F67}.Release|Any CPU.Build.0 = Release|Any CPU
		{91D571E9-CC50-40DE-B4A2-0DD39132D2B8}.Debug|Any CPU.ActiveCfg = Debug|Any CPU
		{91D571E9-CC50-40DE-B4A2-0DD39132D2B8}.Debug|Any CPU.Build.0 = Debug|Any CPU
		{91D571E9-CC50-40DE-B4A2-0DD39132D2B8}.Release|Any CPU.ActiveCfg = Release|Any CPU
		{91D571E9-CC50-40DE-B4A2-0DD39132D2B8}.Release|Any CPU.Build.0 = Release|Any CPU
		{34C1E73B-F0B8-4DB3-AB88-4BD2CEFCFB23}.Debug|Any CPU.ActiveCfg = Debug|Any CPU
		{34C1E73B-F0B8-4DB3-AB88-4BD2CEFCFB23}.Debug|Any CPU.Build.0 = Debug|Any CPU
		{34C1E73B-F0B8-4DB3-AB88-4BD2CEFCFB23}.Release|Any CPU.ActiveCfg = Release|Any CPU
		{34C1E73B-F0B8-4DB3-AB88-4BD2CEFCFB23}.Release|Any CPU.Build.0 = Release|Any CPU
		{B04E036C-D18B-41DB-88B2-6911672F795A}.Debug|Any CPU.ActiveCfg = Debug|Any CPU
		{B04E036C-D18B-41DB-88B2-6911672F795A}.Debug|Any CPU.Build.0 = Debug|Any CPU
		{B04E036C-D18B-41DB-88B2-6911672F795A}.Release|Any CPU.ActiveCfg = Release|Any CPU
		{B04E036C-D18B-41DB-88B2-6911672F795A}.Release|Any CPU.Build.0 = Release|Any CPU
		{72448144-2890-40ED-8B6A-80DE6A84180F}.Debug|Any CPU.ActiveCfg = Debug|Any CPU
		{72448144-2890-40ED-8B6A-80DE6A84180F}.Debug|Any CPU.Build.0 = Debug|Any CPU
		{72448144-2890-40ED-8B6A-80DE6A84180F}.Release|Any CPU.ActiveCfg = Release|Any CPU
		{72448144-2890-40ED-8B6A-80DE6A84180F}.Release|Any CPU.Build.0 = Release|Any CPU
	EndGlobalSection
	GlobalSection(SolutionProperties) = preSolution
		HideSolutionNode = FALSE
	EndGlobalSection
	GlobalSection(NestedProjects) = preSolution
		{10E08175-4073-443E-AEAF-448B9AA6DC4A} = {F1D30B19-72BB-475B-9543-BDC803F2D1EA}
		{17A14837-F352-43A4-8B53-F02EAB43CB88} = {10E08175-4073-443E-AEAF-448B9AA6DC4A}
		{56ADDB36-E61C-4455-9239-47403C20804B} = {17A14837-F352-43A4-8B53-F02EAB43CB88}
		{44227785-50B5-4117-AA25-6A421FD1E6C6} = {F1D30B19-72BB-475B-9543-BDC803F2D1EA}
		{77420F37-7EE4-42DC-A3E3-316F29F53661} = {44227785-50B5-4117-AA25-6A421FD1E6C6}
		{AB7C46CB-4A6C-4D7D-BA25-5F96ADEA1361} = {77420F37-7EE4-42DC-A3E3-316F29F53661}
		{EE482BE7-1125-4091-B266-76C5A0531ABE} = {77420F37-7EE4-42DC-A3E3-316F29F53661}
		{EBC0BEA5-0465-4A4F-AF23-55C579ABEFDA} = {77420F37-7EE4-42DC-A3E3-316F29F53661}
		{2ADE175F-915F-4531-AB3D-6686D560E02F} = {77420F37-7EE4-42DC-A3E3-316F29F53661}
		{35821AB8-418A-4542-AA19-649B3E8561BA} = {F1D30B19-72BB-475B-9543-BDC803F2D1EA}
		{F191E851-A1F2-4307-8B7D-2FBBC37EDC2C} = {35821AB8-418A-4542-AA19-649B3E8561BA}
		{5FE3EC52-B779-4589-BCCE-9C4C5C3C7DEE} = {F1D30B19-72BB-475B-9543-BDC803F2D1EA}
		{357E83A8-542B-4E95-89A0-3C4278135FAE} = {5FE3EC52-B779-4589-BCCE-9C4C5C3C7DEE}
		{4B3D5E50-FDAE-4465-AB91-4220C81C068B} = {357E83A8-542B-4E95-89A0-3C4278135FAE}
		{83FA52AD-CFCC-40D3-B617-42E18CAE9DFC} = {F191E851-A1F2-4307-8B7D-2FBBC37EDC2C}
		{088B50C9-A439-44C6-99F0-CCCD87BEC66F} = {5FE3EC52-B779-4589-BCCE-9C4C5C3C7DEE}
		{8EE61991-F106-4C70-BA49-6BF09C5430C8} = {088B50C9-A439-44C6-99F0-CCCD87BEC66F}
		{A020D872-C95B-45F1-8B50-A396CC422E31} = {5FE3EC52-B779-4589-BCCE-9C4C5C3C7DEE}
		{8E3675F5-321F-4EF0-8236-262183169B8E} = {A020D872-C95B-45F1-8B50-A396CC422E31}
		{05CACBB1-AA07-44A6-8716-979D7B12A8B3} = {5FE3EC52-B779-4589-BCCE-9C4C5C3C7DEE}
		{9CC079EE-6C22-4C73-96AF-123F30859BE2} = {05CACBB1-AA07-44A6-8716-979D7B12A8B3}
		{E4150539-5958-4147-977E-1E3A8B8A1402} = {5FE3EC52-B779-4589-BCCE-9C4C5C3C7DEE}
		{61662A57-0582-4456-B83C-585DA25C2F67} = {E4150539-5958-4147-977E-1E3A8B8A1402}
		{91D571E9-CC50-40DE-B4A2-0DD39132D2B8} = {E4150539-5958-4147-977E-1E3A8B8A1402}
		{34C1E73B-F0B8-4DB3-AB88-4BD2CEFCFB23} = {E4150539-5958-4147-977E-1E3A8B8A1402}
		{B04E036C-D18B-41DB-88B2-6911672F795A} = {E4150539-5958-4147-977E-1E3A8B8A1402}
		{EF2A4788-48AC-4B7A-B10E-95F7D48EA951} = {5FE3EC52-B779-4589-BCCE-9C4C5C3C7DEE}
		{72448144-2890-40ED-8B6A-80DE6A84180F} = {EF2A4788-48AC-4B7A-B10E-95F7D48EA951}
	EndGlobalSection
	GlobalSection(ExtensibilityGlobals) = postSolution
		SolutionGuid = {C9C02110-D205-4C24-A9D4-B847E39F9FA9}
	EndGlobalSection
EndGlobal
